
Microsoft Visual Studio Solution File, Format Version 12.00
# Visual Studio Version 17
VisualStudioVersion = 17.2.32616.157
MinimumVisualStudioVersion = 10.0.40219.1
Project("{FAE04EC0-301F-11D3-BF4B-00C04F79EFBC}") = "UsuariosCRUDBackEnd", "UsuariosCRUDBackEnd\UsuariosCRUDBackEnd.csproj", "{5077707A-3DBE-4102-AC09-16683B87E6F1}"
EndProject
Global
	GlobalSection(SolutionConfigurationPlatforms) = preSolution
		Debug|Any CPU = Debug|Any CPU
		Release|Any CPU = Release|Any CPU
	EndGlobalSection
	GlobalSection(ProjectConfigurationPlatforms) = postSolution
		{5077707A-3DBE-4102-AC09-16683B87E6F1}.Debug|Any CPU.ActiveCfg = Debug|Any CPU
		{5077707A-3DBE-4102-AC09-16683B87E6F1}.Debug|Any CPU.Build.0 = Debug|Any CPU
		{5077707A-3DBE-4102-AC09-16683B87E6F1}.Release|Any CPU.ActiveCfg = Release|Any CPU
		{5077707A-3DBE-4102-AC09-16683B87E6F1}.Release|Any CPU.Build.0 = Release|Any CPU
	EndGlobalSection
	GlobalSection(SolutionProperties) = preSolution
		HideSolutionNode = FALSE
	EndGlobalSection
	GlobalSection(ExtensibilityGlobals) = postSolution
		SolutionGuid = {5A376F56-2CE3-4942-A1AE-17AFE3CE4624}
	EndGlobalSection
EndGlobal
